# This file was autogenerated by Stack.
# You should not edit this file by hand.
# For more information, please see the documentation at:
#   https://docs.haskellstack.org/en/stable/lock_files

packages:
- completed:
    hackage: microtimer-0.0.1.2@sha256:daf649a763408f8dc118e0ac2cedd847b426252377a958e0d3aacc8cb4db2c34,1092
    pantry-tree:
      size: 431
      sha256: 2739f80662e6d85ff22e7aab5a2623fd04e982d3bd9a7ea6175cecaac6d7e376
  original:
    hackage: microtimer-0.0.1.2@sha256:daf649a763408f8dc118e0ac2cedd847b426252377a958e0d3aacc8cb4db2c34,1092
- completed:
    hackage: optparse-generic-1.4.4@sha256:458eaa5bc448f9b67ce07ea597099d76b80f001f5eb2fe7f0a95633b000b119d,1738
    pantry-tree:
      size: 277
      sha256: 95f586884a52775cc32031f303a0c86bb275498d6179d9db16c096856edbb4ee
  original:
    hackage: optparse-generic-1.4.4@sha256:458eaa5bc448f9b67ce07ea597099d76b80f001f5eb2fe7f0a95633b000b119d,1738
- completed:
    hackage: optparse-applicative-0.16.0.0@sha256:de6f2a1be366a1f6db786883c605bbd121bbafbe41c4fff00a306672566b0e7f,4785
    pantry-tree:
      size: 2979
      sha256: fabeefe6fe000bbc1ba8d0a10e9452197e882f625937a8b6f40afec14d03eba4
  original:
    hackage: optparse-applicative-0.16.0.0@sha256:de6f2a1be366a1f6db786883c605bbd121bbafbe41c4fff00a306672566b0e7f,4785
snapshots:
- completed:
    size: 532377
    url: https://raw.githubusercontent.com/commercialhaskell/stackage-snapshots/master/lts/16/12.yaml
    sha256: f914cfa23fef85bdf895e300a8234d9d0edc2dbec67f4bc9c53f85867c50eab6
  original: lts-16.12
