# This file was autogenerated by Stack.
# You should not edit this file by hand.
# For more information, please see the documentation at:
#   https://docs.haskellstack.org/en/stable/lock_files

packages:
- completed:
    hackage: dlist-1.0@sha256:124cb3aa1decebd5171b46601b1f74cca6cfae12d266ace3799b86dd05ef7cb4,3560
    pantry-tree:
      size: 953
      sha256: 8467afe9c94b2756e5703fed0950b51418bd877acbdd72e9dc3488b8f28f4e82
  original:
    hackage: dlist-1.0@sha256:124cb3aa1decebd5171b46601b1f74cca6cfae12d266ace3799b86dd05ef7cb4,3560
snapshots:
- completed:
    size: 532377
    url: https://raw.githubusercontent.com/commercialhaskell/stackage-snapshots/master/lts/16/12.yaml
    sha256: f914cfa23fef85bdf895e300a8234d9d0edc2dbec67f4bc9c53f85867c50eab6
  original: lts-16.12
